
Microsoft Visual Studio Solution File, Format Version 12.00
# Visual Studio Version 17
VisualStudioVersion = 17.5.33414.496
MinimumVisualStudioVersion = 10.0.40219.1
Project("{FAE04EC0-301F-11D3-BF4B-00C04F79EFBC}") = "EntityFrameworkPractice", "EntityFrameworkPractice\EntityFrameworkPractice.csproj", "{4B997490-97B3-4916-B138-C9922853E126}"
EndProject
Global
	GlobalSection(SolutionConfigurationPlatforms) = preSolution
		Debug|Any CPU = Debug|Any CPU
		Release|Any CPU = Release|Any CPU
	EndGlobalSection
	GlobalSection(ProjectConfigurationPlatforms) = postSolution
		{4B997490-97B3-4916-B138-C9922853E126}.Debug|Any CPU.ActiveCfg = Debug|Any CPU
		{4B997490-97B3-4916-B138-C9922853E126}.Debug|Any CPU.Build.0 = Debug|Any CPU
		{4B997490-97B3-4916-B138-C9922853E126}.Release|Any CPU.ActiveCfg = Release|Any CPU
		{4B997490-97B3-4916-B138-C9922853E126}.Release|Any CPU.Build.0 = Release|Any CPU
	EndGlobalSection
	GlobalSection(SolutionProperties) = preSolution
		HideSolutionNode = FALSE
	EndGlobalSection
	GlobalSection(ExtensibilityGlobals) = postSolution
		SolutionGuid = {32A015BB-A161-4CE9-BC3D-D3ADCBCF57BA}
	EndGlobalSection
EndGlobal
